<Solution>
  <Folder Name="/build/" Id="02ea681e-c7d8-13c7-8484-4ac65e1b71e8">
    <File Path="build/Directory.Packages.props" />
    <File Path="build/global.Build.props" />
    <File Path="build/test.build.props" />
    <File Path="Directory.Build.props" />
  </Folder>
  <Folder Name="/Solution Items/">
    <File Path="global.json" />
  </Folder>
  <Folder Name="/Tests/">
    <Project Path="tests/dotNetBlocks.Business.Shared.Tests/dotNetBlocks.Business.Shared.Tests.csproj" />
    <Project Path="tests/dotNetBlocks.Extensions.Tests/dotNetBlocks.Extensions.Tests.csproj" />
    <Project Path="tests/dotNetBlocks.ServiceBus.Tests/dotNetBlocks.ServiceBus.Tests.csproj" />
    <Project Path="tests/dotNetBlocks.System.Collections.Tests/dotNetBlocks.System.Collections.Tests.csproj" />
    <Project Path="tests/dotNetBlocks.System.IO.Tests/dotNetBlocks.System.IO.Tests.csproj" />
    <Project Path="tests/dotNetBlocks.System.Tests/dotNetBlocks.System.Tests.csproj" Id="4010f1a3-4599-4186-8da2-26c77136d1bf" />
    <Project Path="tests/dotNetBlocks.System.Threading.Tests/dotNetBlocks.System.Threading.Tests.csproj" />
  </Folder>
  <Project Path="src/dotNetBlocks.Business.Shared/dotNetBlocks.Business.Shared.csproj" />
  <Project Path="src/DotNetBlocks.Business/DotNetBlocks.Business.csproj" />
  <Project Path="src/dotNetBlocks.Extensions/dotNetBlocks.Extensions.csproj" />
  <Project Path="src/dotNetBlocks.ServiceBus.Shared/dotNetBlocks.ServiceBus.Shared.csproj" />
  <Project Path="src/dotNetBlocks.ServiceBus/dotNetBlocks.ServiceBus.csproj" />
  <Project Path="src/dotNetBlocks.System.Collections/dotNetBlocks.System.Collections.csproj" />
  <Project Path="src/dotNetBlocks.System.Enums/dotNetBlocks.System.Enums.csproj" />
  <Project Path="src/dotNetBlocks.System.IO/dotNetBlocks.System.IO.csproj" />
  <Project Path="src/dotNetBlocks.System.Threading/dotNetBlocks.System.Threading.csproj" />
  <Project Path="src/dotNetBlocks.System/dotNetBlocks.System.csproj" Id="b87ccb4c-8ff5-431f-b7fa-9d918d0d26ae" />
</Solution>
